
Microsoft Visual Studio Solution File, Format Version 12.00
Project("{FAE04EC0-301F-11D3-BF4B-00C04F79EFBC}") = "memory_game_backend", "memory_game_backend.csproj", "{BDAED584-FC89-422C-824A-3780E248AACD}"
EndProject
Global
	GlobalSection(SolutionConfigurationPlatforms) = preSolution
		Debug|Any CPU = Debug|Any CPU
		Release|Any CPU = Release|Any CPU
	EndGlobalSection
	GlobalSection(ProjectConfigurationPlatforms) = postSolution
		{BDAED584-FC89-422C-824A-3780E248AACD}.Debug|Any CPU.ActiveCfg = Debug|Any CPU
		{BDAED584-FC89-422C-824A-3780E248AACD}.Debug|Any CPU.Build.0 = Debug|Any CPU
		{BDAED584-FC89-422C-824A-3780E248AACD}.Release|Any CPU.ActiveCfg = Release|Any CPU
		{BDAED584-FC89-422C-824A-3780E248AACD}.Release|Any CPU.Build.0 = Release|Any CPU
	EndGlobalSection
EndGlobal
